// !$*UTF8*$!
{
	archiveVersion = 1;
	classes = {
	};
	objectVersion = 55;
	objects = {

/* Begin PBXBuildFile section */
		852A884AB0AC02C19D29A43A /* Pods_PinkBook.framework in Frameworks */ = {isa = PBXBuildFile; fileRef = E6C3A1573FC6250E3A42D15E /* Pods_PinkBook.framework */; };
		D8031CF22719703700405232 /* WaterFallVC-DataSource.swift in Sources */ = {isa = PBXBuildFile; fileRef = D8031CF12719703700405232 /* WaterFallVC-DataSource.swift */; };
		D8031CF4271973B900405232 /* WaterFallVC-Delegate.swift in Sources */ = {isa = PBXBuildFile; fileRef = D8031CF3271973B900405232 /* WaterFallVC-Delegate.swift */; };
		D80C8326270C21F1004E515B /* NoteEditVC.swift in Sources */ = {isa = PBXBuildFile; fileRef = D80C8325270C21F1004E515B /* NoteEditVC.swift */; };
		D80C8328270C2D30004E515B /* PhotoCell.swift in Sources */ = {isa = PBXBuildFile; fileRef = D80C8327270C2D30004E515B /* PhotoCell.swift */; };
		D80C832A270C493B004E515B /* PhotoFooter.swift in Sources */ = {isa = PBXBuildFile; fileRef = D80C8329270C493B004E515B /* PhotoFooter.swift */; };
		D81066FB2705F6D100AB7BC9 /* AppDelegate.swift in Sources */ = {isa = PBXBuildFile; fileRef = D81066FA2705F6D100AB7BC9 /* AppDelegate.swift */; };
		D81066FD2705F6D100AB7BC9 /* SceneDelegate.swift in Sources */ = {isa = PBXBuildFile; fileRef = D81066FC2705F6D100AB7BC9 /* SceneDelegate.swift */; };
		D81067022705F6D100AB7BC9 /* Main.storyboard in Resources */ = {isa = PBXBuildFile; fileRef = D81067002705F6D100AB7BC9 /* Main.storyboard */; };
		D81067042705F6D300AB7BC9 /* Assets.xcassets in Resources */ = {isa = PBXBuildFile; fileRef = D81067032705F6D300AB7BC9 /* Assets.xcassets */; };
		D81067072705F6D300AB7BC9 /* LaunchScreen.storyboard in Resources */ = {isa = PBXBuildFile; fileRef = D81067052705F6D300AB7BC9 /* LaunchScreen.storyboard */; };
		D810670F2705F7A800AB7BC9 /* .gitignore in Resources */ = {isa = PBXBuildFile; fileRef = D810670E2705F7A800AB7BC9 /* .gitignore */; };
		D81067112706F81E00AB7BC9 /* HomeVC.swift in Sources */ = {isa = PBXBuildFile; fileRef = D81067102706F81E00AB7BC9 /* HomeVC.swift */; };
		D81067132706FF6900AB7BC9 /* FollowVC.swift in Sources */ = {isa = PBXBuildFile; fileRef = D81067122706FF6900AB7BC9 /* FollowVC.swift */; };
		D81067152706FF7900AB7BC9 /* DiscoveryVC.swift in Sources */ = {isa = PBXBuildFile; fileRef = D81067142706FF7900AB7BC9 /* DiscoveryVC.swift */; };
		D81067172706FF8400AB7BC9 /* NearByVC.swift in Sources */ = {isa = PBXBuildFile; fileRef = D81067162706FF8400AB7BC9 /* NearByVC.swift */; };
		D81067192707004200AB7BC9 /* Constants.swift in Sources */ = {isa = PBXBuildFile; fileRef = D81067182707004200AB7BC9 /* Constants.swift */; };
		D812689927985E5F00384B27 /* SocailLoginVC-Apple.swift in Sources */ = {isa = PBXBuildFile; fileRef = D812689827985E5F00384B27 /* SocailLoginVC-Apple.swift */; };
		D823FC27270F20E900CD9871 /* TextViewIAView.xib in Resources */ = {isa = PBXBuildFile; fileRef = D823FC26270F20E900CD9871 /* TextViewIAView.xib */; };
		D823FC29270F212E00CD9871 /* TextViewIAView.swift in Sources */ = {isa = PBXBuildFile; fileRef = D823FC28270F212E00CD9871 /* TextViewIAView.swift */; };
		D828D83127117D910004E2F0 /* POICell.swift in Sources */ = {isa = PBXBuildFile; fileRef = D828D83027117D910004E2F0 /* POICell.swift */; };
		D84D15322716ADFE00956D30 /* PinkBook.xcdatamodeld in Sources */ = {isa = PBXBuildFile; fileRef = D84D15302716ADFE00956D30 /* PinkBook.xcdatamodeld */; };
		D863D912270DC1A700E38644 /* NoteEditVC-DragDrop.swift in Sources */ = {isa = PBXBuildFile; fileRef = D863D911270DC1A700E38644 /* NoteEditVC-DragDrop.swift */; };
		D863D914270DCE9F00E38644 /* NoteEditVC-CollectionView.swift in Sources */ = {isa = PBXBuildFile; fileRef = D863D913270DCE9F00E38644 /* NoteEditVC-CollectionView.swift */; };
		D87C20FE271B20B800E1C27E /* NoteEditVC-Helper.swift in Sources */ = {isa = PBXBuildFile; fileRef = D87C20FD271B20B800E1C27E /* NoteEditVC-Helper.swift */; };
		D87C2100271B217700E1C27E /* NoteEditVC-UI.swift in Sources */ = {isa = PBXBuildFile; fileRef = D87C20FF271B217700E1C27E /* NoteEditVC-UI.swift */; };
		D87C60A627074E1D00256ED3 /* WaterFallVC.swift in Sources */ = {isa = PBXBuildFile; fileRef = D87C60A527074E1D00256ED3 /* WaterFallVC.swift */; };
		D87C60A82707518400256ED3 /* WaterFallCell.swift in Sources */ = {isa = PBXBuildFile; fileRef = D87C60A72707518400256ED3 /* WaterFallCell.swift */; };
		D88101B3270980EB00CD9381 /* Systems-Extensions.swift in Sources */ = {isa = PBXBuildFile; fileRef = D88101B2270980EB00CD9381 /* Systems-Extensions.swift */; };
		D8869B6A270D9088002A4AE2 /* rickroll.mp4 in Resources */ = {isa = PBXBuildFile; fileRef = D8869B69270D8FF2002A4AE2 /* rickroll.mp4 */; };
		D8932951278F303B00C39D77 /* SocailLoginVC.swift in Sources */ = {isa = PBXBuildFile; fileRef = D8932950278F303B00C39D77 /* SocailLoginVC.swift */; };
		D8932953278F305F00C39D77 /* SocailLoginVC-Alipay.swift in Sources */ = {isa = PBXBuildFile; fileRef = D8932952278F305F00C39D77 /* SocailLoginVC-Alipay.swift */; };
		D89329AF279053DB00C39D77 /* Constants-Private.swift in Sources */ = {isa = PBXBuildFile; fileRef = D89329AE279053DB00C39D77 /* Constants-Private.swift */; };
		D8932A04279054CE00C39D77 /* libcrypto.a in Frameworks */ = {isa = PBXBuildFile; fileRef = D89329B1279054CE00C39D77 /* libcrypto.a */; };
		D8932A05279054CE00C39D77 /* openssl_wrapper.m in Sources */ = {isa = PBXBuildFile; fileRef = D89329B3279054CE00C39D77 /* openssl_wrapper.m */; };
		D8932A06279054CE00C39D77 /* APRSASigner.m in Sources */ = {isa = PBXBuildFile; fileRef = D89329B6279054CE00C39D77 /* APRSASigner.m */; };
		D8932A07279054CE00C39D77 /* libssl.a in Frameworks */ = {isa = PBXBuildFile; fileRef = D89329B7279054CE00C39D77 /* libssl.a */; };
		D89EBFBE271C49EE00D4222B /* NoteEditVC-DraftNote.swift in Sources */ = {isa = PBXBuildFile; fileRef = D89EBFBD271C49EE00D4222B /* NoteEditVC-DraftNote.swift */; };
		D89EBFC0271C511000D4222B /* MeVC.swift in Sources */ = {isa = PBXBuildFile; fileRef = D89EBFBF271C511000D4222B /* MeVC.swift */; };
		D8B1238A270EE8D9005D706C /* NoteEditVC-Config.swift in Sources */ = {isa = PBXBuildFile; fileRef = D8B12389270EE8D9005D706C /* NoteEditVC-Config.swift */; };
		D8B518E6272183C500A61C6D /* LoginVC.swift in Sources */ = {isa = PBXBuildFile; fileRef = D8B518E5272183C500A61C6D /* LoginVC.swift */; };
		D8B518E8272184AD00A61C6D /* Login-Extension.swift in Sources */ = {isa = PBXBuildFile; fileRef = D8B518E7272184AD00A61C6D /* Login-Extension.swift */; };
		D8BD5FD92708A26000D88A95 /* Localizable.strings in Resources */ = {isa = PBXBuildFile; fileRef = D8BD5FD72708A26000D88A95 /* Localizable.strings */; };
		D8BD5FDC2708A4AA00D88A95 /* InfoPlist.strings in Resources */ = {isa = PBXBuildFile; fileRef = D8BD5FDE2708A4AA00D88A95 /* InfoPlist.strings */; };
		D8BD5FE12708AB6F00D88A95 /* TabBarC.swift in Sources */ = {isa = PBXBuildFile; fileRef = D8BD5FE02708AB6F00D88A95 /* TabBarC.swift */; };
		D8BD5FE32708AC5000D88A95 /* PostVC.swift in Sources */ = {isa = PBXBuildFile; fileRef = D8BD5FE22708AC5000D88A95 /* PostVC.swift */; };
		D8D70D64271813AC000751E6 /* WaterFallVC-LoadData.swift in Sources */ = {isa = PBXBuildFile; fileRef = D8D70D63271813AC000751E6 /* WaterFallVC-LoadData.swift */; };
		D8D70D66271818FA000751E6 /* WaterFallVC-Config.swift in Sources */ = {isa = PBXBuildFile; fileRef = D8D70D65271818FA000751E6 /* WaterFallVC-Config.swift */; };
		D8DAC12F27132AFD003F3E8E /* POIVC-Config.swift in Sources */ = {isa = PBXBuildFile; fileRef = D8DAC12E27132AFD003F3E8E /* POIVC-Config.swift */; };
		D8DAC13127132B5B003F3E8E /* POIVC-Location.swift in Sources */ = {isa = PBXBuildFile; fileRef = D8DAC13027132B5B003F3E8E /* POIVC-Location.swift */; };
		D8ECC9E42710310100153FEE /* ChannelVC.swift in Sources */ = {isa = PBXBuildFile; fileRef = D8ECC9E32710310100153FEE /* ChannelVC.swift */; };
		D8ECC9E62710322100153FEE /* ChannelTabelVC.swift in Sources */ = {isa = PBXBuildFile; fileRef = D8ECC9E52710322100153FEE /* ChannelTabelVC.swift */; };
		D8ECC9E82710380F00153FEE /* Protocols.swift in Sources */ = {isa = PBXBuildFile; fileRef = D8ECC9E72710380F00153FEE /* Protocols.swift */; };
		D8ECC9EA271079A900153FEE /* POIVC.swift in Sources */ = {isa = PBXBuildFile; fileRef = D8ECC9E9271079A900153FEE /* POIVC.swift */; };
		D8F1D3B22715738700CC7542 /* POIVC-KeywordsSearch.swift in Sources */ = {isa = PBXBuildFile; fileRef = D8F1D3B12715738700CC7542 /* POIVC-KeywordsSearch.swift */; };
		D8F5C052271715B80004BAB1 /* DraftNoteWaterFallCell.swift in Sources */ = {isa = PBXBuildFile; fileRef = D8F5C051271715B80004BAB1 /* DraftNoteWaterFallCell.swift */; };
/* End PBXBuildFile section */

/* Begin PBXFileReference section */
		342FED596840D058F3056B71 /* Pods-PinkBook.release.xcconfig */ = {isa = PBXFileReference; includeInIndex = 1; lastKnownFileType = text.xcconfig; name = "Pods-PinkBook.release.xcconfig"; path = "Target Support Files/Pods-PinkBook/Pods-PinkBook.release.xcconfig"; sourceTree = "<group>"; };
		C96282F8D5359E6393A14A8C /* Pods-PinkBook.debug.xcconfig */ = {isa = PBXFileReference; includeInIndex = 1; lastKnownFileType = text.xcconfig; name = "Pods-PinkBook.debug.xcconfig"; path = "Target Support Files/Pods-PinkBook/Pods-PinkBook.debug.xcconfig"; sourceTree = "<group>"; };
		D8031CF12719703700405232 /* WaterFallVC-DataSource.swift */ = {isa = PBXFileReference; lastKnownFileType = sourcecode.swift; path = "WaterFallVC-DataSource.swift"; sourceTree = "<group>"; };
		D8031CF3271973B900405232 /* WaterFallVC-Delegate.swift */ = {isa = PBXFileReference; lastKnownFileType = sourcecode.swift; path = "WaterFallVC-Delegate.swift"; sourceTree = "<group>"; };
		D804EB3B270846EC0036FE7B /* zh-Hans */ = {isa = PBXFileReference; lastKnownFileType = text.plist.strings; name = "zh-Hans"; path = "zh-Hans.lproj/LaunchScreen.strings"; sourceTree = "<group>"; };
		D80C8325270C21F1004E515B /* NoteEditVC.swift */ = {isa = PBXFileReference; lastKnownFileType = sourcecode.swift; path = NoteEditVC.swift; sourceTree = "<group>"; };
		D80C8327270C2D30004E515B /* PhotoCell.swift */ = {isa = PBXFileReference; lastKnownFileType = sourcecode.swift; path = PhotoCell.swift; sourceTree = "<group>"; };
		D80C8329270C493B004E515B /* PhotoFooter.swift */ = {isa = PBXFileReference; lastKnownFileType = sourcecode.swift; path = PhotoFooter.swift; sourceTree = "<group>"; };
		D81066F72705F6D100AB7BC9 /* PinkBook.app */ = {isa = PBXFileReference; explicitFileType = wrapper.application; includeInIndex = 0; path = PinkBook.app; sourceTree = BUILT_PRODUCTS_DIR; };
		D81066FA2705F6D100AB7BC9 /* AppDelegate.swift */ = {isa = PBXFileReference; lastKnownFileType = sourcecode.swift; path = AppDelegate.swift; sourceTree = "<group>"; };
		D81066FC2705F6D100AB7BC9 /* SceneDelegate.swift */ = {isa = PBXFileReference; lastKnownFileType = sourcecode.swift; path = SceneDelegate.swift; sourceTree = "<group>"; };
		D81067012705F6D100AB7BC9 /* Base */ = {isa = PBXFileReference; lastKnownFileType = file.storyboard; name = Base; path = Base.lproj/Main.storyboard; sourceTree = "<group>"; };
		D81067032705F6D300AB7BC9 /* Assets.xcassets */ = {isa = PBXFileReference; lastKnownFileType = folder.assetcatalog; path = Assets.xcassets; sourceTree = "<group>"; };
		D81067062705F6D300AB7BC9 /* Base */ = {isa = PBXFileReference; lastKnownFileType = file.storyboard; name = Base; path = Base.lproj/LaunchScreen.storyboard; sourceTree = "<group>"; };
		D81067082705F6D300AB7BC9 /* Info.plist */ = {isa = PBXFileReference; lastKnownFileType = text.plist.xml; path = Info.plist; sourceTree = "<group>"; };
		D810670E2705F7A800AB7BC9 /* .gitignore */ = {isa = PBXFileReference; fileEncoding = 4; lastKnownFileType = text; path = .gitignore; sourceTree = "<group>"; };
		D81067102706F81E00AB7BC9 /* HomeVC.swift */ = {isa = PBXFileReference; lastKnownFileType = sourcecode.swift; path = HomeVC.swift; sourceTree = "<group>"; };
		D81067122706FF6900AB7BC9 /* FollowVC.swift */ = {isa = PBXFileReference; lastKnownFileType = sourcecode.swift; path = FollowVC.swift; sourceTree = "<group>"; };
		D81067142706FF7900AB7BC9 /* DiscoveryVC.swift */ = {isa = PBXFileReference; lastKnownFileType = sourcecode.swift; path = DiscoveryVC.swift; sourceTree = "<group>"; };
		D81067162706FF8400AB7BC9 /* NearByVC.swift */ = {isa = PBXFileReference; lastKnownFileType = sourcecode.swift; path = NearByVC.swift; sourceTree = "<group>"; };
		D81067182707004200AB7BC9 /* Constants.swift */ = {isa = PBXFileReference; lastKnownFileType = sourcecode.swift; path = Constants.swift; sourceTree = "<group>"; };
		D812689727985C9700384B27 /* PinkBook.entitlements */ = {isa = PBXFileReference; lastKnownFileType = text.plist.entitlements; path = PinkBook.entitlements; sourceTree = "<group>"; };
		D812689827985E5F00384B27 /* SocailLoginVC-Apple.swift */ = {isa = PBXFileReference; lastKnownFileType = sourcecode.swift; path = "SocailLoginVC-Apple.swift"; sourceTree = "<group>"; };
		D823FC26270F20E900CD9871 /* TextViewIAView.xib */ = {isa = PBXFileReference; lastKnownFileType = file.xib; path = TextViewIAView.xib; sourceTree = "<group>"; };
		D823FC28270F212E00CD9871 /* TextViewIAView.swift */ = {isa = PBXFileReference; lastKnownFileType = sourcecode.swift; path = TextViewIAView.swift; sourceTree = "<group>"; };
		D828D83027117D910004E2F0 /* POICell.swift */ = {isa = PBXFileReference; lastKnownFileType = sourcecode.swift; path = POICell.swift; sourceTree = "<group>"; };
		D84D15312716ADFE00956D30 /* PinkBook.xcdatamodel */ = {isa = PBXFileReference; lastKnownFileType = wrapper.xcdatamodel; path = PinkBook.xcdatamodel; sourceTree = "<group>"; };
		D8550466270C91E5007A8B25 /* Bridging-Header.h */ = {isa = PBXFileReference; lastKnownFileType = sourcecode.c.h; path = "Bridging-Header.h"; sourceTree = "<group>"; };
		D863D911270DC1A700E38644 /* NoteEditVC-DragDrop.swift */ = {isa = PBXFileReference; lastKnownFileType = sourcecode.swift; path = "NoteEditVC-DragDrop.swift"; sourceTree = "<group>"; };
		D863D913270DCE9F00E38644 /* NoteEditVC-CollectionView.swift */ = {isa = PBXFileReference; lastKnownFileType = sourcecode.swift; path = "NoteEditVC-CollectionView.swift"; sourceTree = "<group>"; };
		D87C20FD271B20B800E1C27E /* NoteEditVC-Helper.swift */ = {isa = PBXFileReference; lastKnownFileType = sourcecode.swift; path = "NoteEditVC-Helper.swift"; sourceTree = "<group>"; };
		D87C20FF271B217700E1C27E /* NoteEditVC-UI.swift */ = {isa = PBXFileReference; lastKnownFileType = sourcecode.swift; path = "NoteEditVC-UI.swift"; sourceTree = "<group>"; };
		D87C60A527074E1D00256ED3 /* WaterFallVC.swift */ = {isa = PBXFileReference; lastKnownFileType = sourcecode.swift; path = WaterFallVC.swift; sourceTree = "<group>"; };
		D87C60A72707518400256ED3 /* WaterFallCell.swift */ = {isa = PBXFileReference; lastKnownFileType = sourcecode.swift; path = WaterFallCell.swift; sourceTree = "<group>"; };
		D88101B2270980EB00CD9381 /* Systems-Extensions.swift */ = {isa = PBXFileReference; lastKnownFileType = sourcecode.swift; path = "Systems-Extensions.swift"; sourceTree = "<group>"; };
		D8869B69270D8FF2002A4AE2 /* rickroll.mp4 */ = {isa = PBXFileReference; lastKnownFileType = file; path = rickroll.mp4; sourceTree = "<group>"; };
		D8932950278F303B00C39D77 /* SocailLoginVC.swift */ = {isa = PBXFileReference; lastKnownFileType = sourcecode.swift; path = SocailLoginVC.swift; sourceTree = "<group>"; };
		D8932952278F305F00C39D77 /* SocailLoginVC-Alipay.swift */ = {isa = PBXFileReference; lastKnownFileType = sourcecode.swift; path = "SocailLoginVC-Alipay.swift"; sourceTree = "<group>"; };
		D89329AE279053DB00C39D77 /* Constants-Private.swift */ = {isa = PBXFileReference; lastKnownFileType = sourcecode.swift; path = "Constants-Private.swift"; sourceTree = "<group>"; };
		D89329B1279054CE00C39D77 /* libcrypto.a */ = {isa = PBXFileReference; lastKnownFileType = archive.ar; path = libcrypto.a; sourceTree = "<group>"; };
		D89329B3279054CE00C39D77 /* openssl_wrapper.m */ = {isa = PBXFileReference; fileEncoding = 4; lastKnownFileType = sourcecode.c.objc; path = openssl_wrapper.m; sourceTree = "<group>"; };
		D89329B4279054CE00C39D77 /* APRSASigner.h */ = {isa = PBXFileReference; fileEncoding = 4; lastKnownFileType = sourcecode.c.h; path = APRSASigner.h; sourceTree = "<group>"; };
		D89329B5279054CE00C39D77 /* openssl_wrapper.h */ = {isa = PBXFileReference; fileEncoding = 4; lastKnownFileType = sourcecode.c.h; path = openssl_wrapper.h; sourceTree = "<group>"; };
		D89329B6279054CE00C39D77 /* APRSASigner.m */ = {isa = PBXFileReference; fileEncoding = 4; lastKnownFileType = sourcecode.c.objc; path = APRSASigner.m; sourceTree = "<group>"; };
		D89329B7279054CE00C39D77 /* libssl.a */ = {isa = PBXFileReference; lastKnownFileType = archive.ar; path = libssl.a; sourceTree = "<group>"; };
		D89329B9279054CE00C39D77 /* pem2.h */ = {isa = PBXFileReference; fileEncoding = 4; lastKnownFileType = sourcecode.c.h; path = pem2.h; sourceTree = "<group>"; };
		D89329BA279054CE00C39D77 /* pem.h */ = {isa = PBXFileReference; fileEncoding = 4; lastKnownFileType = sourcecode.c.h; path = pem.h; sourceTree = "<group>"; };
		D89329BB279054CE00C39D77 /* ssl3.h */ = {isa = PBXFileReference; fileEncoding = 4; lastKnownFileType = sourcecode.c.h; path = ssl3.h; sourceTree = "<group>"; };
		D89329BC279054CE00C39D77 /* ossl_typ.h */ = {isa = PBXFileReference; fileEncoding = 4; lastKnownFileType = sourcecode.c.h; path = ossl_typ.h; sourceTree = "<group>"; };
		D89329BD279054CE00C39D77 /* dtls1.h */ = {isa = PBXFileReference; fileEncoding = 4; lastKnownFileType = sourcecode.c.h; path = dtls1.h; sourceTree = "<group>"; };
		D89329BE279054CE00C39D77 /* err.h */ = {isa = PBXFileReference; fileEncoding = 4; lastKnownFileType = sourcecode.c.h; path = err.h; sourceTree = "<group>"; };
		D89329BF279054CE00C39D77 /* bn.h */ = {isa = PBXFileReference; fileEncoding = 4; lastKnownFileType = sourcecode.c.h; path = bn.h; sourceTree = "<group>"; };
		D89329C0279054CE00C39D77 /* blowfish.h */ = {isa = PBXFileReference; fileEncoding = 4; lastKnownFileType = sourcecode.c.h; path = blowfish.h; sourceTree = "<group>"; };
		D89329C1279054CE00C39D77 /* cms.h */ = {isa = PBXFileReference; fileEncoding = 4; lastKnownFileType = sourcecode.c.h; path = cms.h; sourceTree = "<group>"; };
		D89329C2279054CE00C39D77 /* engine.h */ = {isa = PBXFileReference; fileEncoding = 4; lastKnownFileType = sourcecode.c.h; path = engine.h; sourceTree = "<group>"; };
		D89329C3279054CE00C39D77 /* conf_api.h */ = {isa = PBXFileReference; fileEncoding = 4; lastKnownFileType = sourcecode.c.h; path = conf_api.h; sourceTree = "<group>"; };
		D89329C4279054CE00C39D77 /* x509.h */ = {isa = PBXFileReference; fileEncoding = 4; lastKnownFileType = sourcecode.c.h; path = x509.h; sourceTree = "<group>"; };
		D89329C5279054CE00C39D77 /* asn1_mac.h */ = {isa = PBXFileReference; fileEncoding = 4; lastKnownFileType = sourcecode.c.h; path = asn1_mac.h; sourceTree = "<group>"; };
		D89329C6279054CE00C39D77 /* ui.h */ = {isa = PBXFileReference; fileEncoding = 4; lastKnownFileType = sourcecode.c.h; path = ui.h; sourceTree = "<group>"; };
		D89329C7279054CE00C39D77 /* kssl.h */ = {isa = PBXFileReference; fileEncoding = 4; lastKnownFileType = sourcecode.c.h; path = kssl.h; sourceTree = "<group>"; };
		D89329C8279054CE00C39D77 /* sha.h */ = {isa = PBXFileReference; fileEncoding = 4; lastKnownFileType = sourcecode.c.h; path = sha.h; sourceTree = "<group>"; };
		D89329C9279054CE00C39D77 /* symhacks.h */ = {isa = PBXFileReference; fileEncoding = 4; lastKnownFileType = sourcecode.c.h; path = symhacks.h; sourceTree = "<group>"; };
		D89329CA279054CE00C39D77 /* asn1.h */ = {isa = PBXFileReference; fileEncoding = 4; lastKnownFileType = sourcecode.c.h; path = asn1.h; sourceTree = "<group>"; };
		D89329CB279054CE00C39D77 /* opensslconf.h */ = {isa = PBXFileReference; fileEncoding = 4; lastKnownFileType = sourcecode.c.h; path = opensslconf.h; sourceTree = "<group>"; };
		D89329CC279054CE00C39D77 /* bio.h */ = {isa = PBXFileReference; fileEncoding = 4; lastKnownFileType = sourcecode.c.h; path = bio.h; sourceTree = "<group>"; };
		D89329CD279054CE00C39D77 /* rc2.h */ = {isa = PBXFileReference; fileEncoding = 4; lastKnownFileType = sourcecode.c.h; path = rc2.h; sourceTree = "<group>"; };
		D89329CE279054CE00C39D77 /* dh.h */ = {isa = PBXFileReference; fileEncoding = 4; lastKnownFileType = sourcecode.c.h; path = dh.h; sourceTree = "<group>"; };
		D89329CF279054CE00C39D77 /* ui_compat.h */ = {isa = PBXFileReference; fileEncoding = 4; lastKnownFileType = sourcecode.c.h; path = ui_compat.h; sourceTree = "<group>"; };
		D89329D0279054CE00C39D77 /* x509v3.h */ = {isa = PBXFileReference; fileEncoding = 4; lastKnownFileType = sourcecode.c.h; path = x509v3.h; sourceTree = "<group>"; };
		D89329D1279054CE00C39D77 /* ssl23.h */ = {isa = PBXFileReference; fileEncoding = 4; lastKnownFileType = sourcecode.c.h; path = ssl23.h; sourceTree = "<group>"; };
		D89329D2279054CE00C39D77 /* conf.h */ = {isa = PBXFileReference; fileEncoding = 4; lastKnownFileType = sourcecode.c.h; path = conf.h; sourceTree = "<group>"; };
		D89329D3279054CE00C39D77 /* md5.h */ = {isa = PBXFileReference; fileEncoding = 4; lastKnownFileType = sourcecode.c.h; path = md5.h; sourceTree = "<group>"; };
		D89329D4279054CE00C39D77 /* x509_vfy.h */ = {isa = PBXFileReference; fileEncoding = 4; lastKnownFileType = sourcecode.c.h; path = x509_vfy.h; sourceTree = "<group>"; };
		D89329D5279054CE00C39D77 /* txt_db.h */ = {isa = PBXFileReference; fileEncoding = 4; lastKnownFileType = sourcecode.c.h; path = txt_db.h; sourceTree = "<group>"; };
		D89329D6279054CE00C39D77 /* safestack.h */ = {isa = PBXFileReference; fileEncoding = 4; lastKnownFileType = sourcecode.c.h; path = safestack.h; sourceTree = "<group>"; };
		D89329D7279054CE00C39D77 /* ecdsa.h */ = {isa = PBXFileReference; fileEncoding = 4; lastKnownFileType = sourcecode.c.h; path = ecdsa.h; sourceTree = "<group>"; };
		D89329D8279054CE00C39D77 /* objects.h */ = {isa = PBXFileReference; fileEncoding = 4; lastKnownFileType = sourcecode.c.h; path = objects.h; sourceTree = "<group>"; };
		D89329D9279054CE00C39D77 /* pkcs12.h */ = {isa = PBXFileReference; fileEncoding = 4; lastKnownFileType = sourcecode.c.h; path = pkcs12.h; sourceTree = "<group>"; };
		D89329DA279054CE00C39D77 /* crypto.h */ = {isa = PBXFileReference; fileEncoding = 4; lastKnownFileType = sourcecode.c.h; path = crypto.h; sourceTree = "<group>"; };
		D89329DB279054CE00C39D77 /* opensslv.h */ = {isa = PBXFileReference; fileEncoding = 4; lastKnownFileType = sourcecode.c.h; path = opensslv.h; sourceTree = "<group>"; };
		D89329DC279054CE00C39D77 /* pkcs7.h */ = {isa = PBXFileReference; fileEncoding = 4; lastKnownFileType = sourcecode.c.h; path = pkcs7.h; sourceTree = "<group>"; };
		D89329DD279054CE00C39D77 /* obj_mac.h */ = {isa = PBXFileReference; fileEncoding = 4; lastKnownFileType = sourcecode.c.h; path = obj_mac.h; sourceTree = "<group>"; };
		D89329DE279054CE00C39D77 /* buffer.h */ = {isa = PBXFileReference; fileEncoding = 4; lastKnownFileType = sourcecode.c.h; path = buffer.h; sourceTree = "<group>"; };
		D89329DF279054CE00C39D77 /* ssl.h */ = {isa = PBXFileReference; fileEncoding = 4; lastKnownFileType = sourcecode.c.h; path = ssl.h; sourceTree = "<group>"; };
		D89329E0279054CE00C39D77 /* srp.h */ = {isa = PBXFileReference; fileEncoding = 4; lastKnownFileType = sourcecode.c.h; path = srp.h; sourceTree = "<group>"; };
		D89329E1279054CE00C39D77 /* camellia.h */ = {isa = PBXFileReference; fileEncoding = 4; lastKnownFileType = sourcecode.c.h; path = camellia.h; sourceTree = "<group>"; };
		D89329E2279054CE00C39D77 /* evp.h */ = {isa = PBXFileReference; fileEncoding = 4; lastKnownFileType = sourcecode.c.h; path = evp.h; sourceTree = "<group>"; };
		D89329E3279054CE00C39D77 /* e_os2.h */ = {isa = PBXFileReference; fileEncoding = 4; lastKnownFileType = sourcecode.c.h; path = e_os2.h; sourceTree = "<group>"; };
		D89329E4279054CE00C39D77 /* md4.h */ = {isa = PBXFileReference; fileEncoding = 4; lastKnownFileType = sourcecode.c.h; path = md4.h; sourceTree = "<group>"; };
		D89329E5279054CE00C39D77 /* hmac.h */ = {isa = PBXFileReference; fileEncoding = 4; lastKnownFileType = sourcecode.c.h; path = hmac.h; sourceTree = "<group>"; };
		D89329E6279054CE00C39D77 /* aes.h */ = {isa = PBXFileReference; fileEncoding = 4; lastKnownFileType = sourcecode.c.h; path = aes.h; sourceTree = "<group>"; };
		D89329E7279054CE00C39D77 /* comp.h */ = {isa = PBXFileReference; fileEncoding = 4; lastKnownFileType = sourcecode.c.h; path = comp.h; sourceTree = "<group>"; };
		D89329E8279054CE00C39D77 /* cast.h */ = {isa = PBXFileReference; fileEncoding = 4; lastKnownFileType = sourcecode.c.h; path = cast.h; sourceTree = "<group>"; };
		D89329E9279054CE00C39D77 /* rc4.h */ = {isa = PBXFileReference; fileEncoding = 4; lastKnownFileType = sourcecode.c.h; path = rc4.h; sourceTree = "<group>"; };
		D89329EA279054CE00C39D77 /* stack.h */ = {isa = PBXFileReference; fileEncoding = 4; lastKnownFileType = sourcecode.c.h; path = stack.h; sourceTree = "<group>"; };
		D89329EB279054CE00C39D77 /* des.h */ = {isa = PBXFileReference; fileEncoding = 4; lastKnownFileType = sourcecode.c.h; path = des.h; sourceTree = "<group>"; };
		D89329EC279054CE00C39D77 /* ocsp.h */ = {isa = PBXFileReference; fileEncoding = 4; lastKnownFileType = sourcecode.c.h; path = ocsp.h; sourceTree = "<group>"; };
		D89329ED279054CE00C39D77 /* ec.h */ = {isa = PBXFileReference; fileEncoding = 4; lastKnownFileType = sourcecode.c.h; path = ec.h; sourceTree = "<group>"; };
		D89329EE279054CE00C39D77 /* ecdh.h */ = {isa = PBXFileReference; fileEncoding = 4; lastKnownFileType = sourcecode.c.h; path = ecdh.h; sourceTree = "<group>"; };
		D89329EF279054CE00C39D77 /* rand.h */ = {isa = PBXFileReference; fileEncoding = 4; lastKnownFileType = sourcecode.c.h; path = rand.h; sourceTree = "<group>"; };
		D89329F0279054CE00C39D77 /* ts.h */ = {isa = PBXFileReference; fileEncoding = 4; lastKnownFileType = sourcecode.c.h; path = ts.h; sourceTree = "<group>"; };
		D89329F1279054CE00C39D77 /* pqueue.h */ = {isa = PBXFileReference; fileEncoding = 4; lastKnownFileType = sourcecode.c.h; path = pqueue.h; sourceTree = "<group>"; };
		D89329F2279054CE00C39D77 /* dso.h */ = {isa = PBXFileReference; fileEncoding = 4; lastKnownFileType = sourcecode.c.h; path = dso.h; sourceTree = "<group>"; };
		D89329F3279054CE00C39D77 /* seed.h */ = {isa = PBXFileReference; fileEncoding = 4; lastKnownFileType = sourcecode.c.h; path = seed.h; sourceTree = "<group>"; };
		D89329F4279054CE00C39D77 /* modes.h */ = {isa = PBXFileReference; fileEncoding = 4; lastKnownFileType = sourcecode.c.h; path = modes.h; sourceTree = "<group>"; };
		D89329F5279054CE00C39D77 /* ssl2.h */ = {isa = PBXFileReference; fileEncoding = 4; lastKnownFileType = sourcecode.c.h; path = ssl2.h; sourceTree = "<group>"; };
		D89329F6279054CE00C39D77 /* rsa.h */ = {isa = PBXFileReference; fileEncoding = 4; lastKnownFileType = sourcecode.c.h; path = rsa.h; sourceTree = "<group>"; };
		D89329F7279054CE00C39D77 /* krb5_asn.h */ = {isa = PBXFileReference; fileEncoding = 4; lastKnownFileType = sourcecode.c.h; path = krb5_asn.h; sourceTree = "<group>"; };
		D89329F8279054CE00C39D77 /* des_old.h */ = {isa = PBXFileReference; fileEncoding = 4; lastKnownFileType = sourcecode.c.h; path = des_old.h; sourceTree = "<group>"; };
		D89329F9279054CE00C39D77 /* ripemd.h */ = {isa = PBXFileReference; fileEncoding = 4; lastKnownFileType = sourcecode.c.h; path = ripemd.h; sourceTree = "<group>"; };
		D89329FA279054CE00C39D77 /* whrlpool.h */ = {isa = PBXFileReference; fileEncoding = 4; lastKnownFileType = sourcecode.c.h; path = whrlpool.h; sourceTree = "<group>"; };
		D89329FB279054CE00C39D77 /* tls1.h */ = {isa = PBXFileReference; fileEncoding = 4; lastKnownFileType = sourcecode.c.h; path = tls1.h; sourceTree = "<group>"; };
		D89329FC279054CE00C39D77 /* mdc2.h */ = {isa = PBXFileReference; fileEncoding = 4; lastKnownFileType = sourcecode.c.h; path = mdc2.h; sourceTree = "<group>"; };
		D89329FD279054CE00C39D77 /* dsa.h */ = {isa = PBXFileReference; fileEncoding = 4; lastKnownFileType = sourcecode.c.h; path = dsa.h; sourceTree = "<group>"; };
		D89329FE279054CE00C39D77 /* srtp.h */ = {isa = PBXFileReference; fileEncoding = 4; lastKnownFileType = sourcecode.c.h; path = srtp.h; sourceTree = "<group>"; };
		D89329FF279054CE00C39D77 /* asn1t.h */ = {isa = PBXFileReference; fileEncoding = 4; lastKnownFileType = sourcecode.c.h; path = asn1t.h; sourceTree = "<group>"; };
		D8932A00279054CE00C39D77 /* cmac.h */ = {isa = PBXFileReference; fileEncoding = 4; lastKnownFileType = sourcecode.c.h; path = cmac.h; sourceTree = "<group>"; };
		D8932A01279054CE00C39D77 /* ebcdic.h */ = {isa = PBXFileReference; fileEncoding = 4; lastKnownFileType = sourcecode.c.h; path = ebcdic.h; sourceTree = "<group>"; };
		D8932A02279054CE00C39D77 /* idea.h */ = {isa = PBXFileReference; fileEncoding = 4; lastKnownFileType = sourcecode.c.h; path = idea.h; sourceTree = "<group>"; };
		D8932A03279054CE00C39D77 /* lhash.h */ = {isa = PBXFileReference; fileEncoding = 4; lastKnownFileType = sourcecode.c.h; path = lhash.h; sourceTree = "<group>"; };
		D89EBFBD271C49EE00D4222B /* NoteEditVC-DraftNote.swift */ = {isa = PBXFileReference; lastKnownFileType = sourcecode.swift; path = "NoteEditVC-DraftNote.swift"; sourceTree = "<group>"; };
		D89EBFBF271C511000D4222B /* MeVC.swift */ = {isa = PBXFileReference; lastKnownFileType = sourcecode.swift; path = MeVC.swift; sourceTree = "<group>"; };
		D8B12389270EE8D9005D706C /* NoteEditVC-Config.swift */ = {isa = PBXFileReference; lastKnownFileType = sourcecode.swift; path = "NoteEditVC-Config.swift"; sourceTree = "<group>"; };
		D8B518E5272183C500A61C6D /* LoginVC.swift */ = {isa = PBXFileReference; lastKnownFileType = sourcecode.swift; path = LoginVC.swift; sourceTree = "<group>"; };
		D8B518E7272184AD00A61C6D /* Login-Extension.swift */ = {isa = PBXFileReference; lastKnownFileType = sourcecode.swift; path = "Login-Extension.swift"; sourceTree = "<group>"; };
		D8BD5FD1270848D000D88A95 /* zh-Hans */ = {isa = PBXFileReference; lastKnownFileType = text.plist.strings; name = "zh-Hans"; path = "zh-Hans.lproj/Main.strings"; sourceTree = "<group>"; };
		D8BD5FD82708A26000D88A95 /* zh-Hans */ = {isa = PBXFileReference; lastKnownFileType = text.plist.strings; name = "zh-Hans"; path = "zh-Hans.lproj/Localizable.strings"; sourceTree = "<group>"; };
		D8BD5FDD2708A4AA00D88A95 /* zh-Hans */ = {isa = PBXFileReference; lastKnownFileType = text.plist.strings; name = "zh-Hans"; path = "zh-Hans.lproj/InfoPlist.strings"; sourceTree = "<group>"; };
		D8BD5FE02708AB6F00D88A95 /* TabBarC.swift */ = {isa = PBXFileReference; lastKnownFileType = sourcecode.swift; path = TabBarC.swift; sourceTree = "<group>"; };
		D8BD5FE22708AC5000D88A95 /* PostVC.swift */ = {isa = PBXFileReference; lastKnownFileType = sourcecode.swift; path = PostVC.swift; sourceTree = "<group>"; };
		D8D70D63271813AC000751E6 /* WaterFallVC-LoadData.swift */ = {isa = PBXFileReference; lastKnownFileType = sourcecode.swift; path = "WaterFallVC-LoadData.swift"; sourceTree = "<group>"; };
		D8D70D65271818FA000751E6 /* WaterFallVC-Config.swift */ = {isa = PBXFileReference; lastKnownFileType = sourcecode.swift; path = "WaterFallVC-Config.swift"; sourceTree = "<group>"; };
		D8DAC12E27132AFD003F3E8E /* POIVC-Config.swift */ = {isa = PBXFileReference; lastKnownFileType = sourcecode.swift; path = "POIVC-Config.swift"; sourceTree = "<group>"; };
		D8DAC13027132B5B003F3E8E /* POIVC-Location.swift */ = {isa = PBXFileReference; lastKnownFileType = sourcecode.swift; path = "POIVC-Location.swift"; sourceTree = "<group>"; };
		D8ECC9E32710310100153FEE /* ChannelVC.swift */ = {isa = PBXFileReference; lastKnownFileType = sourcecode.swift; path = ChannelVC.swift; sourceTree = "<group>"; };
		D8ECC9E52710322100153FEE /* ChannelTabelVC.swift */ = {isa = PBXFileReference; lastKnownFileType = sourcecode.swift; path = ChannelTabelVC.swift; sourceTree = "<group>"; };
		D8ECC9E72710380F00153FEE /* Protocols.swift */ = {isa = PBXFileReference; lastKnownFileType = sourcecode.swift; path = Protocols.swift; sourceTree = "<group>"; };
		D8ECC9E9271079A900153FEE /* POIVC.swift */ = {isa = PBXFileReference; lastKnownFileType = sourcecode.swift; path = POIVC.swift; sourceTree = "<group>"; };
		D8F1D3B12715738700CC7542 /* POIVC-KeywordsSearch.swift */ = {isa = PBXFileReference; lastKnownFileType = sourcecode.swift; path = "POIVC-KeywordsSearch.swift"; sourceTree = "<group>"; };
		D8F5C051271715B80004BAB1 /* DraftNoteWaterFallCell.swift */ = {isa = PBXFileReference; lastKnownFileType = sourcecode.swift; path = DraftNoteWaterFallCell.swift; sourceTree = "<group>"; };
		E6C3A1573FC6250E3A42D15E /* Pods_PinkBook.framework */ = {isa = PBXFileReference; explicitFileType = wrapper.framework; includeInIndex = 0; path = Pods_PinkBook.framework; sourceTree = BUILT_PRODUCTS_DIR; };
/* End PBXFileReference section */

/* Begin PBXFrameworksBuildPhase section */
		D81066F42705F6D100AB7BC9 /* Frameworks */ = {
			isa = PBXFrameworksBuildPhase;
			buildActionMask = 2147483647;
			files = (
				D8932A04279054CE00C39D77 /* libcrypto.a in Frameworks */,
				852A884AB0AC02C19D29A43A /* Pods_PinkBook.framework in Frameworks */,
				D8932A07279054CE00C39D77 /* libssl.a in Frameworks */,
			);
			runOnlyForDeploymentPostprocessing = 0;
		};
/* End PBXFrameworksBuildPhase section */

/* Begin PBXGroup section */
		77D0883A5ED376F83AF692FD /* Frameworks */ = {
			isa = PBXGroup;
			children = (
				E6C3A1573FC6250E3A42D15E /* Pods_PinkBook.framework */,
			);
			name = Frameworks;
			sourceTree = "<group>";
		};
		D8003FDE2729AD0500B23F26 /* Extensions */ = {
			isa = PBXGroup;
			children = (
				D88101B2270980EB00CD9381 /* Systems-Extensions.swift */,
				D8B518E7272184AD00A61C6D /* Login-Extension.swift */,
			);
			path = Extensions;
			sourceTree = "<group>";
		};
		D804EB382708455E0036FE7B /* WaterFall */ = {
			isa = PBXGroup;
			children = (
				D87C60A527074E1D00256ED3 /* WaterFallVC.swift */,
				D8D70D65271818FA000751E6 /* WaterFallVC-Config.swift */,
				D8D70D63271813AC000751E6 /* WaterFallVC-LoadData.swift */,
				D8031CF12719703700405232 /* WaterFallVC-DataSource.swift */,
				D8031CF3271973B900405232 /* WaterFallVC-Delegate.swift */,
				D87C60A72707518400256ED3 /* WaterFallCell.swift */,
				D8F5C051271715B80004BAB1 /* DraftNoteWaterFallCell.swift */,
			);
			path = WaterFall;
			sourceTree = "<group>";
		};
		D804EB39270845700036FE7B /* Common */ = {
			isa = PBXGroup;
			children = (
				D8003FDE2729AD0500B23F26 /* Extensions */,
				D81067182707004200AB7BC9 /* Constants.swift */,
				D89329AE279053DB00C39D77 /* Constants-Private.swift */,
				D8ECC9E72710380F00153FEE /* Protocols.swift */,
			);
			path = Common;
			sourceTree = "<group>";
		};
		D80C832B270C4EBC004E515B /* NodeEdit */ = {
			isa = PBXGroup;
			children = (
				D80C8325270C21F1004E515B /* NoteEditVC.swift */,
				D8B12389270EE8D9005D706C /* NoteEditVC-Config.swift */,
				D863D911270DC1A700E38644 /* NoteEditVC-DragDrop.swift */,
				D89EBFBD271C49EE00D4222B /* NoteEditVC-DraftNote.swift */,
				D87C20FD271B20B800E1C27E /* NoteEditVC-Helper.swift */,
				D87C20FF271B217700E1C27E /* NoteEditVC-UI.swift */,
				D863D913270DCE9F00E38644 /* NoteEditVC-CollectionView.swift */,
				D80C8327270C2D30004E515B /* PhotoCell.swift */,
				D80C8329270C493B004E515B /* PhotoFooter.swift */,
				D823FC28270F212E00CD9871 /* TextViewIAView.swift */,
				D823FC26270F20E900CD9871 /* TextViewIAView.xib */,
				D8ECC9E32710310100153FEE /* ChannelVC.swift */,
				D8ECC9E52710322100153FEE /* ChannelTabelVC.swift */,
				D8ECC9E9271079A900153FEE /* POIVC.swift */,
				D8DAC12E27132AFD003F3E8E /* POIVC-Config.swift */,
				D8DAC13027132B5B003F3E8E /* POIVC-Location.swift */,
				D8F1D3B12715738700CC7542 /* POIVC-KeywordsSearch.swift */,
				D828D83027117D910004E2F0 /* POICell.swift */,
			);
			path = NodeEdit;
			sourceTree = "<group>";
		};
		D81066EE2705F6D100AB7BC9 = {
			isa = PBXGroup;
			children = (
				D810670E2705F7A800AB7BC9 /* .gitignore */,
				D89329B0279054CE00C39D77 /* AliSDKDemo */,
				D81066F92705F6D100AB7BC9 /* PinkBook */,
				D81066F82705F6D100AB7BC9 /* Products */,
				DC29C0D4444FD0835AD843A3 /* Pods */,
				77D0883A5ED376F83AF692FD /* Frameworks */,
			);
			sourceTree = "<group>";
		};
		D81066F82705F6D100AB7BC9 /* Products */ = {
			isa = PBXGroup;
			children = (
				D81066F72705F6D100AB7BC9 /* PinkBook.app */,
			);
			name = Products;
			sourceTree = "<group>";
		};
		D81066F92705F6D100AB7BC9 /* PinkBook */ = {
			isa = PBXGroup;
			children = (
				D812689727985C9700384B27 /* PinkBook.entitlements */,
				D81066FA2705F6D100AB7BC9 /* AppDelegate.swift */,
				D81066FC2705F6D100AB7BC9 /* SceneDelegate.swift */,
				D81067002705F6D100AB7BC9 /* Main.storyboard */,
				D8BD5FE02708AB6F00D88A95 /* TabBarC.swift */,
				D89EBFBF271C511000D4222B /* MeVC.swift */,
				D8B518E4272183AA00A61C6D /* Login */,
				D80C832B270C4EBC004E515B /* NodeEdit */,
				D804EB382708455E0036FE7B /* WaterFall */,
				D810671A2707014300AB7BC9 /* Home */,
				D804EB39270845700036FE7B /* Common */,
				D81067032705F6D300AB7BC9 /* Assets.xcassets */,
				D8BD5FDF2708A5AD00D88A95 /* Resources */,
				D88101B427098C9800CD9381 /* Demo+PH */,
				D81067052705F6D300AB7BC9 /* LaunchScreen.storyboard */,
				D84D15302716ADFE00956D30 /* PinkBook.xcdatamodeld */,
				D81067082705F6D300AB7BC9 /* Info.plist */,
				D8550466270C91E5007A8B25 /* Bridging-Header.h */,
				D8869B69270D8FF2002A4AE2 /* rickroll.mp4 */,
			);
			path = PinkBook;
			sourceTree = "<group>";
		};
		D810671A2707014300AB7BC9 /* Home */ = {
			isa = PBXGroup;
			children = (
				D81067102706F81E00AB7BC9 /* HomeVC.swift */,
				D81067142706FF7900AB7BC9 /* DiscoveryVC.swift */,
				D81067122706FF6900AB7BC9 /* FollowVC.swift */,
				D81067162706FF8400AB7BC9 /* NearByVC.swift */,
			);
			path = Home;
			sourceTree = "<group>";
		};
		D88101B427098C9800CD9381 /* Demo+PH */ = {
			isa = PBXGroup;
			children = (
				D8BD5FE22708AC5000D88A95 /* PostVC.swift */,
			);
			path = "Demo+PH";
			sourceTree = "<group>";
		};
		D89329B0279054CE00C39D77 /* AliSDKDemo */ = {
			isa = PBXGroup;
			children = (
				D89329B1279054CE00C39D77 /* libcrypto.a */,
				D89329B2279054CE00C39D77 /* Utils */,
				D89329B7279054CE00C39D77 /* libssl.a */,
				D89329B8279054CE00C39D77 /* openssl */,
			);
			path = AliSDKDemo;
			sourceTree = "<group>";
		};
		D89329B2279054CE00C39D77 /* Utils */ = {
			isa = PBXGroup;
			children = (
				D89329B3279054CE00C39D77 /* openssl_wrapper.m */,
				D89329B4279054CE00C39D77 /* APRSASigner.h */,
				D89329B5279054CE00C39D77 /* openssl_wrapper.h */,
				D89329B6279054CE00C39D77 /* APRSASigner.m */,
			);
			path = Utils;
			sourceTree = "<group>";
		};
		D89329B8279054CE00C39D77 /* openssl */ = {
			isa = PBXGroup;
			children = (
				D89329B9279054CE00C39D77 /* pem2.h */,
				D89329BA279054CE00C39D77 /* pem.h */,
				D89329BB279054CE00C39D77 /* ssl3.h */,
				D89329BC279054CE00C39D77 /* ossl_typ.h */,
				D89329BD279054CE00C39D77 /* dtls1.h */,
				D89329BE279054CE00C39D77 /* err.h */,
				D89329BF279054CE00C39D77 /* bn.h */,
				D89329C0279054CE00C39D77 /* blowfish.h */,
				D89329C1279054CE00C39D77 /* cms.h */,
				D89329C2279054CE00C39D77 /* engine.h */,
				D89329C3279054CE00C39D77 /* conf_api.h */,
				D89329C4279054CE00C39D77 /* x509.h */,
				D89329C5279054CE00C39D77 /* asn1_mac.h */,
				D89329C6279054CE00C39D77 /* ui.h */,
				D89329C7279054CE00C39D77 /* kssl.h */,
				D89329C8279054CE00C39D77 /* sha.h */,
				D89329C9279054CE00C39D77 /* symhacks.h */,
				D89329CA279054CE00C39D77 /* asn1.h */,
				D89329CB279054CE00C39D77 /* opensslconf.h */,
				D89329CC279054CE00C39D77 /* bio.h */,
				D89329CD279054CE00C39D77 /* rc2.h */,
				D89329CE279054CE00C39D77 /* dh.h */,
				D89329CF279054CE00C39D77 /* ui_compat.h */,
				D89329D0279054CE00C39D77 /* x509v3.h */,
				D89329D1279054CE00C39D77 /* ssl23.h */,
				D89329D2279054CE00C39D77 /* conf.h */,
				D89329D3279054CE00C39D77 /* md5.h */,
				D89329D4279054CE00C39D77 /* x509_vfy.h */,
				D89329D5279054CE00C39D77 /* txt_db.h */,
				D89329D6279054CE00C39D77 /* safestack.h */,
				D89329D7279054CE00C39D77 /* ecdsa.h */,
				D89329D8279054CE00C39D77 /* objects.h */,
				D89329D9279054CE00C39D77 /* pkcs12.h */,
				D89329DA279054CE00C39D77 /* crypto.h */,
				D89329DB279054CE00C39D77 /* opensslv.h */,
				D89329DC279054CE00C39D77 /* pkcs7.h */,
				D89329DD279054CE00C39D77 /* obj_mac.h */,
				D89329DE279054CE00C39D77 /* buffer.h */,
				D89329DF279054CE00C39D77 /* ssl.h */,
				D89329E0279054CE00C39D77 /* srp.h */,
				D89329E1279054CE00C39D77 /* camellia.h */,
				D89329E2279054CE00C39D77 /* evp.h */,
				D89329E3279054CE00C39D77 /* e_os2.h */,
				D89329E4279054CE00C39D77 /* md4.h */,
				D89329E5279054CE00C39D77 /* hmac.h */,
				D89329E6279054CE00C39D77 /* aes.h */,
				D89329E7279054CE00C39D77 /* comp.h */,
				D89329E8279054CE00C39D77 /* cast.h */,
				D89329E9279054CE00C39D77 /* rc4.h */,
				D89329EA279054CE00C39D77 /* stack.h */,
				D89329EB279054CE00C39D77 /* des.h */,
				D89329EC279054CE00C39D77 /* ocsp.h */,
				D89329ED279054CE00C39D77 /* ec.h */,
				D89329EE279054CE00C39D77 /* ecdh.h */,
				D89329EF279054CE00C39D77 /* rand.h */,
				D89329F0279054CE00C39D77 /* ts.h */,
				D89329F1279054CE00C39D77 /* pqueue.h */,
				D89329F2279054CE00C39D77 /* dso.h */,
				D89329F3279054CE00C39D77 /* seed.h */,
				D89329F4279054CE00C39D77 /* modes.h */,
				D89329F5279054CE00C39D77 /* ssl2.h */,
				D89329F6279054CE00C39D77 /* rsa.h */,
				D89329F7279054CE00C39D77 /* krb5_asn.h */,
				D89329F8279054CE00C39D77 /* des_old.h */,
				D89329F9279054CE00C39D77 /* ripemd.h */,
				D89329FA279054CE00C39D77 /* whrlpool.h */,
				D89329FB279054CE00C39D77 /* tls1.h */,
				D89329FC279054CE00C39D77 /* mdc2.h */,
				D89329FD279054CE00C39D77 /* dsa.h */,
				D89329FE279054CE00C39D77 /* srtp.h */,
				D89329FF279054CE00C39D77 /* asn1t.h */,
				D8932A00279054CE00C39D77 /* cmac.h */,
				D8932A01279054CE00C39D77 /* ebcdic.h */,
				D8932A02279054CE00C39D77 /* idea.h */,
				D8932A03279054CE00C39D77 /* lhash.h */,
			);
			path = openssl;
			sourceTree = "<group>";
		};
		D8B518E4272183AA00A61C6D /* Login */ = {
			isa = PBXGroup;
			children = (
				D8B518E5272183C500A61C6D /* LoginVC.swift */,
				D8932950278F303B00C39D77 /* SocailLoginVC.swift */,
				D812689827985E5F00384B27 /* SocailLoginVC-Apple.swift */,
				D8932952278F305F00C39D77 /* SocailLoginVC-Alipay.swift */,
			);
			path = Login;
			sourceTree = "<group>";
		};
		D8BD5FDF2708A5AD00D88A95 /* Resources */ = {
			isa = PBXGroup;
			children = (
				D8BD5FD72708A26000D88A95 /* Localizable.strings */,
				D8BD5FDE2708A4AA00D88A95 /* InfoPlist.strings */,
			);
			path = Resources;
			sourceTree = "<group>";
		};
		DC29C0D4444FD0835AD843A3 /* Pods */ = {
			isa = PBXGroup;
			children = (
				C96282F8D5359E6393A14A8C /* Pods-PinkBook.debug.xcconfig */,
				342FED596840D058F3056B71 /* Pods-PinkBook.release.xcconfig */,
			);
			path = Pods;
			sourceTree = "<group>";
		};
/* End PBXGroup section */

/* Begin PBXNativeTarget section */
		D81066F62705F6D100AB7BC9 /* PinkBook */ = {
			isa = PBXNativeTarget;
			buildConfigurationList = D810670B2705F6D300AB7BC9 /* Build configuration list for PBXNativeTarget "PinkBook" */;
			buildPhases = (
				D8380202231BE98FD078720B /* [CP] Check Pods Manifest.lock */,
				D81066F32705F6D100AB7BC9 /* Sources */,
				D81066F42705F6D100AB7BC9 /* Frameworks */,
				D81066F52705F6D100AB7BC9 /* Resources */,
				5D5767E332800D9EE8F36813 /* [CP] Embed Pods Frameworks */,
				797D2B5291DCF4061CA66005 /* [CP] Copy Pods Resources */,
			);
			buildRules = (
			);
			dependencies = (
			);
			name = PinkBook;
			productName = PinkBook;
			productReference = D81066F72705F6D100AB7BC9 /* PinkBook.app */;
			productType = "com.apple.product-type.application";
		};
/* End PBXNativeTarget section */

/* Begin PBXProject section */
		D81066EF2705F6D100AB7BC9 /* Project object */ = {
			isa = PBXProject;
			attributes = {
				BuildIndependentTargetsInParallel = 1;
				LastSwiftUpdateCheck = 1300;
				LastUpgradeCheck = 1300;
				TargetAttributes = {
					D81066F62705F6D100AB7BC9 = {
						CreatedOnToolsVersion = 13.0;
					};
				};
			};
			buildConfigurationList = D81066F22705F6D100AB7BC9 /* Build configuration list for PBXProject "PinkBook" */;
			compatibilityVersion = "Xcode 13.0";
			developmentRegion = en;
			hasScannedForEncodings = 0;
			knownRegions = (
				en,
				Base,
				"zh-Hans",
			);
			mainGroup = D81066EE2705F6D100AB7BC9;
			productRefGroup = D81066F82705F6D100AB7BC9 /* Products */;
			projectDirPath = "";
			projectRoot = "";
			targets = (
				D81066F62705F6D100AB7BC9 /* PinkBook */,
			);
		};
/* End PBXProject section */

/* Begin PBXResourcesBuildPhase section */
		D81066F52705F6D100AB7BC9 /* Resources */ = {
			isa = PBXResourcesBuildPhase;
			buildActionMask = 2147483647;
			files = (
				D823FC27270F20E900CD9871 /* TextViewIAView.xib in Resources */,
				D8BD5FD92708A26000D88A95 /* Localizable.strings in Resources */,
				D8BD5FDC2708A4AA00D88A95 /* InfoPlist.strings in Resources */,
				D810670F2705F7A800AB7BC9 /* .gitignore in Resources */,
				D81067072705F6D300AB7BC9 /* LaunchScreen.storyboard in Resources */,
				D81067042705F6D300AB7BC9 /* Assets.xcassets in Resources */,
				D81067022705F6D100AB7BC9 /* Main.storyboard in Resources */,
				D8869B6A270D9088002A4AE2 /* rickroll.mp4 in Resources */,
			);
			runOnlyForDeploymentPostprocessing = 0;
		};
/* End PBXResourcesBuildPhase section */

/* Begin PBXShellScriptBuildPhase section */
		5D5767E332800D9EE8F36813 /* [CP] Embed Pods Frameworks */ = {
			isa = PBXShellScriptBuildPhase;
			buildActionMask = 2147483647;
			files = (
			);
			inputFileListPaths = (
				"${PODS_ROOT}/Target Support Files/Pods-PinkBook/Pods-PinkBook-frameworks-${CONFIGURATION}-input-files.xcfilelist",
			);
			name = "[CP] Embed Pods Frameworks";
			outputFileListPaths = (
				"${PODS_ROOT}/Target Support Files/Pods-PinkBook/Pods-PinkBook-frameworks-${CONFIGURATION}-output-files.xcfilelist",
			);
			runOnlyForDeploymentPostprocessing = 0;
			shellPath = /bin/sh;
			shellScript = "\"${PODS_ROOT}/Target Support Files/Pods-PinkBook/Pods-PinkBook-frameworks.sh\"\n";
			showEnvVarsInLog = 0;
		};
		797D2B5291DCF4061CA66005 /* [CP] Copy Pods Resources */ = {
			isa = PBXShellScriptBuildPhase;
			buildActionMask = 2147483647;
			files = (
			);
			inputFileListPaths = (
				"${PODS_ROOT}/Target Support Files/Pods-PinkBook/Pods-PinkBook-resources-${CONFIGURATION}-input-files.xcfilelist",
			);
			name = "[CP] Copy Pods Resources";
			outputFileListPaths = (
				"${PODS_ROOT}/Target Support Files/Pods-PinkBook/Pods-PinkBook-resources-${CONFIGURATION}-output-files.xcfilelist",
			);
			runOnlyForDeploymentPostprocessing = 0;
			shellPath = /bin/sh;
			shellScript = "\"${PODS_ROOT}/Target Support Files/Pods-PinkBook/Pods-PinkBook-resources.sh\"\n";
			showEnvVarsInLog = 0;
		};
		D8380202231BE98FD078720B /* [CP] Check Pods Manifest.lock */ = {
			isa = PBXShellScriptBuildPhase;
			buildActionMask = 2147483647;
			files = (
			);
			inputFileListPaths = (
			);
			inputPaths = (
				"${PODS_PODFILE_DIR_PATH}/Podfile.lock",
				"${PODS_ROOT}/Manifest.lock",
			);
			name = "[CP] Check Pods Manifest.lock";
			outputFileListPaths = (
			);
			outputPaths = (
				"$(DERIVED_FILE_DIR)/Pods-PinkBook-checkManifestLockResult.txt",
			);
			runOnlyForDeploymentPostprocessing = 0;
			shellPath = /bin/sh;
			shellScript = "diff \"${PODS_PODFILE_DIR_PATH}/Podfile.lock\" \"${PODS_ROOT}/Manifest.lock\" > /dev/null\nif [ $? != 0 ] ; then\n    # print error to STDERR\n    echo \"error: The sandbox is not in sync with the Podfile.lock. Run 'pod install' or update your CocoaPods installation.\" >&2\n    exit 1\nfi\n# This output is used by Xcode 'outputs' to avoid re-running this script phase.\necho \"SUCCESS\" > \"${SCRIPT_OUTPUT_FILE_0}\"\n";
			showEnvVarsInLog = 0;
		};
/* End PBXShellScriptBuildPhase section */

/* Begin PBXSourcesBuildPhase section */
		D81066F32705F6D100AB7BC9 /* Sources */ = {
			isa = PBXSourcesBuildPhase;
			buildActionMask = 2147483647;
			files = (
				D8F1D3B22715738700CC7542 /* POIVC-KeywordsSearch.swift in Sources */,
				D80C8328270C2D30004E515B /* PhotoCell.swift in Sources */,
				D87C20FE271B20B800E1C27E /* NoteEditVC-Helper.swift in Sources */,
				D8932951278F303B00C39D77 /* SocailLoginVC.swift in Sources */,
				D863D914270DCE9F00E38644 /* NoteEditVC-CollectionView.swift in Sources */,
				D81067152706FF7900AB7BC9 /* DiscoveryVC.swift in Sources */,
				D8ECC9E82710380F00153FEE /* Protocols.swift in Sources */,
				D81067172706FF8400AB7BC9 /* NearByVC.swift in Sources */,
				D8932A05279054CE00C39D77 /* openssl_wrapper.m in Sources */,
				D84D15322716ADFE00956D30 /* PinkBook.xcdatamodeld in Sources */,
				D8ECC9E42710310100153FEE /* ChannelVC.swift in Sources */,
				D823FC29270F212E00CD9871 /* TextViewIAView.swift in Sources */,
				D81067112706F81E00AB7BC9 /* HomeVC.swift in Sources */,
				D8031CF22719703700405232 /* WaterFallVC-DataSource.swift in Sources */,
				D8DAC13127132B5B003F3E8E /* POIVC-Location.swift in Sources */,
				D8932A06279054CE00C39D77 /* APRSASigner.m in Sources */,
				D828D83127117D910004E2F0 /* POICell.swift in Sources */,
				D89329AF279053DB00C39D77 /* Constants-Private.swift in Sources */,
				D89EBFBE271C49EE00D4222B /* NoteEditVC-DraftNote.swift in Sources */,
				D81067132706FF6900AB7BC9 /* FollowVC.swift in Sources */,
				D81067192707004200AB7BC9 /* Constants.swift in Sources */,
				D8932953278F305F00C39D77 /* SocailLoginVC-Alipay.swift in Sources */,
				D8B518E8272184AD00A61C6D /* Login-Extension.swift in Sources */,
				D89EBFC0271C511000D4222B /* MeVC.swift in Sources */,
				D81066FB2705F6D100AB7BC9 /* AppDelegate.swift in Sources */,
				D87C2100271B217700E1C27E /* NoteEditVC-UI.swift in Sources */,
				D80C8326270C21F1004E515B /* NoteEditVC.swift in Sources */,
				D81066FD2705F6D100AB7BC9 /* SceneDelegate.swift in Sources */,
				D8B518E6272183C500A61C6D /* LoginVC.swift in Sources */,
				D8B1238A270EE8D9005D706C /* NoteEditVC-Config.swift in Sources */,
				D863D912270DC1A700E38644 /* NoteEditVC-DragDrop.swift in Sources */,
				D8DAC12F27132AFD003F3E8E /* POIVC-Config.swift in Sources */,
				D88101B3270980EB00CD9381 /* Systems-Extensions.swift in Sources */,
				D8D70D64271813AC000751E6 /* WaterFallVC-LoadData.swift in Sources */,
				D8D70D66271818FA000751E6 /* WaterFallVC-Config.swift in Sources */,
				D8ECC9E62710322100153FEE /* ChannelTabelVC.swift in Sources */,
				D8BD5FE12708AB6F00D88A95 /* TabBarC.swift in Sources */,
				D87C60A627074E1D00256ED3 /* WaterFallVC.swift in Sources */,
				D8ECC9EA271079A900153FEE /* POIVC.swift in Sources */,
				D8031CF4271973B900405232 /* WaterFallVC-Delegate.swift in Sources */,
				D87C60A82707518400256ED3 /* WaterFallCell.swift in Sources */,
				D812689927985E5F00384B27 /* SocailLoginVC-Apple.swift in Sources */,
				D8BD5FE32708AC5000D88A95 /* PostVC.swift in Sources */,
				D80C832A270C493B004E515B /* PhotoFooter.swift in Sources */,
				D8F5C052271715B80004BAB1 /* DraftNoteWaterFallCell.swift in Sources */,
			);
			runOnlyForDeploymentPostprocessing = 0;
		};
/* End PBXSourcesBuildPhase section */

/* Begin PBXVariantGroup section */
		D81067002705F6D100AB7BC9 /* Main.storyboard */ = {
			isa = PBXVariantGroup;
			children = (
				D81067012705F6D100AB7BC9 /* Base */,
				D8BD5FD1270848D000D88A95 /* zh-Hans */,
			);
			name = Main.storyboard;
			sourceTree = "<group>";
		};
		D81067052705F6D300AB7BC9 /* LaunchScreen.storyboard */ = {
			isa = PBXVariantGroup;
			children = (
				D81067062705F6D300AB7BC9 /* Base */,
				D804EB3B270846EC0036FE7B /* zh-Hans */,
			);
			name = LaunchScreen.storyboard;
			sourceTree = "<group>";
		};
		D8BD5FD72708A26000D88A95 /* Localizable.strings */ = {
			isa = PBXVariantGroup;
			children = (
				D8BD5FD82708A26000D88A95 /* zh-Hans */,
			);
			name = Localizable.strings;
			sourceTree = "<group>";
		};
		D8BD5FDE2708A4AA00D88A95 /* InfoPlist.strings */ = {
			isa = PBXVariantGroup;
			children = (
				D8BD5FDD2708A4AA00D88A95 /* zh-Hans */,
			);
			name = InfoPlist.strings;
			sourceTree = "<group>";
		};
/* End PBXVariantGroup section */

/* Begin XCBuildConfiguration section */
		D81067092705F6D300AB7BC9 /* Debug */ = {
			isa = XCBuildConfiguration;
			buildSettings = {
				ALWAYS_SEARCH_USER_PATHS = NO;
				CLANG_ANALYZER_LOCALIZABILITY_NONLOCALIZED = YES;
				CLANG_ANALYZER_NONNULL = YES;
				CLANG_ANALYZER_NUMBER_OBJECT_CONVERSION = YES_AGGRESSIVE;
				CLANG_CXX_LANGUAGE_STANDARD = "gnu++17";
				CLANG_CXX_LIBRARY = "libc++";
				CLANG_ENABLE_MODULES = YES;
				CLANG_ENABLE_OBJC_ARC = YES;
				CLANG_ENABLE_OBJC_WEAK = YES;
				CLANG_WARN_BLOCK_CAPTURE_AUTORELEASING = YES;
				CLANG_WARN_BOOL_CONVERSION = YES;
				CLANG_WARN_COMMA = YES;
				CLANG_WARN_CONSTANT_CONVERSION = YES;
				CLANG_WARN_DEPRECATED_OBJC_IMPLEMENTATIONS = YES;
				CLANG_WARN_DIRECT_OBJC_ISA_USAGE = YES_ERROR;
				CLANG_WARN_DOCUMENTATION_COMMENTS = YES;
				CLANG_WARN_EMPTY_BODY = YES;
				CLANG_WARN_ENUM_CONVERSION = YES;
				CLANG_WARN_INFINITE_RECURSION = YES;
				CLANG_WARN_INT_CONVERSION = YES;
				CLANG_WARN_NON_LITERAL_NULL_CONVERSION = YES;
				CLANG_WARN_OBJC_IMPLICIT_RETAIN_SELF = YES;
				CLANG_WARN_OBJC_LITERAL_CONVERSION = YES;
				CLANG_WARN_OBJC_ROOT_CLASS = YES_ERROR;
				CLANG_WARN_QUOTED_INCLUDE_IN_FRAMEWORK_HEADER = YES;
				CLANG_WARN_RANGE_LOOP_ANALYSIS = YES;
				CLANG_WARN_STRICT_PROTOTYPES = YES;
				CLANG_WARN_SUSPICIOUS_MOVE = YES;
				CLANG_WARN_UNGUARDED_AVAILABILITY = YES_AGGRESSIVE;
				CLANG_WARN_UNREACHABLE_CODE = YES;
				CLANG_WARN__DUPLICATE_METHOD_MATCH = YES;
				COPY_PHASE_STRIP = NO;
				DEBUG_INFORMATION_FORMAT = dwarf;
				ENABLE_STRICT_OBJC_MSGSEND = YES;
				ENABLE_TESTABILITY = YES;
				EXCLUDED_ARCHS = arm64;
				GCC_C_LANGUAGE_STANDARD = gnu11;
				GCC_DYNAMIC_NO_PIC = NO;
				GCC_NO_COMMON_BLOCKS = YES;
				GCC_OPTIMIZATION_LEVEL = 0;
				GCC_PREPROCESSOR_DEFINITIONS = (
					"DEBUG=1",
					"$(inherited)",
				);
				GCC_WARN_64_TO_32_BIT_CONVERSION = YES;
				GCC_WARN_ABOUT_RETURN_TYPE = YES_ERROR;
				GCC_WARN_UNDECLARED_SELECTOR = YES;
				GCC_WARN_UNINITIALIZED_AUTOS = YES_AGGRESSIVE;
				GCC_WARN_UNUSED_FUNCTION = YES;
				GCC_WARN_UNUSED_VARIABLE = YES;
				IPHONEOS_DEPLOYMENT_TARGET = 15.0;
				MTL_ENABLE_DEBUG_INFO = INCLUDE_SOURCE;
				MTL_FAST_MATH = YES;
				ONLY_ACTIVE_ARCH = YES;
				SDKROOT = iphoneos;
				SWIFT_ACTIVE_COMPILATION_CONDITIONS = DEBUG;
				SWIFT_OPTIMIZATION_LEVEL = "-Onone";
			};
			name = Debug;
		};
		D810670A2705F6D300AB7BC9 /* Release */ = {
			isa = XCBuildConfiguration;
			buildSettings = {
				ALWAYS_SEARCH_USER_PATHS = NO;
				CLANG_ANALYZER_LOCALIZABILITY_NONLOCALIZED = YES;
				CLANG_ANALYZER_NONNULL = YES;
				CLANG_ANALYZER_NUMBER_OBJECT_CONVERSION = YES_AGGRESSIVE;
				CLANG_CXX_LANGUAGE_STANDARD = "gnu++17";
				CLANG_CXX_LIBRARY = "libc++";
				CLANG_ENABLE_MODULES = YES;
				CLANG_ENABLE_OBJC_ARC = YES;
				CLANG_ENABLE_OBJC_WEAK = YES;
				CLANG_WARN_BLOCK_CAPTURE_AUTORELEASING = YES;
				CLANG_WARN_BOOL_CONVERSION = YES;
				CLANG_WARN_COMMA = YES;
				CLANG_WARN_CONSTANT_CONVERSION = YES;
				CLANG_WARN_DEPRECATED_OBJC_IMPLEMENTATIONS = YES;
				CLANG_WARN_DIRECT_OBJC_ISA_USAGE = YES_ERROR;
				CLANG_WARN_DOCUMENTATION_COMMENTS = YES;
				CLANG_WARN_EMPTY_BODY = YES;
				CLANG_WARN_ENUM_CONVERSION = YES;
				CLANG_WARN_INFINITE_RECURSION = YES;
				CLANG_WARN_INT_CONVERSION = YES;
				CLANG_WARN_NON_LITERAL_NULL_CONVERSION = YES;
				CLANG_WARN_OBJC_IMPLICIT_RETAIN_SELF = YES;
				CLANG_WARN_OBJC_LITERAL_CONVERSION = YES;
				CLANG_WARN_OBJC_ROOT_CLASS = YES_ERROR;
				CLANG_WARN_QUOTED_INCLUDE_IN_FRAMEWORK_HEADER = YES;
				CLANG_WARN_RANGE_LOOP_ANALYSIS = YES;
				CLANG_WARN_STRICT_PROTOTYPES = YES;
				CLANG_WARN_SUSPICIOUS_MOVE = YES;
				CLANG_WARN_UNGUARDED_AVAILABILITY = YES_AGGRESSIVE;
				CLANG_WARN_UNREACHABLE_CODE = YES;
				CLANG_WARN__DUPLICATE_METHOD_MATCH = YES;
				COPY_PHASE_STRIP = NO;
				DEBUG_INFORMATION_FORMAT = "dwarf-with-dsym";
				ENABLE_NS_ASSERTIONS = NO;
				ENABLE_STRICT_OBJC_MSGSEND = YES;
				EXCLUDED_ARCHS = arm64;
				GCC_C_LANGUAGE_STANDARD = gnu11;
				GCC_NO_COMMON_BLOCKS = YES;
				GCC_WARN_64_TO_32_BIT_CONVERSION = YES;
				GCC_WARN_ABOUT_RETURN_TYPE = YES_ERROR;
				GCC_WARN_UNDECLARED_SELECTOR = YES;
				GCC_WARN_UNINITIALIZED_AUTOS = YES_AGGRESSIVE;
				GCC_WARN_UNUSED_FUNCTION = YES;
				GCC_WARN_UNUSED_VARIABLE = YES;
				IPHONEOS_DEPLOYMENT_TARGET = 15.0;
				MTL_ENABLE_DEBUG_INFO = NO;
				MTL_FAST_MATH = YES;
				SDKROOT = iphoneos;
				SWIFT_COMPILATION_MODE = wholemodule;
				SWIFT_OPTIMIZATION_LEVEL = "-O";
				VALIDATE_PRODUCT = YES;
			};
			name = Release;
		};
		D810670C2705F6D300AB7BC9 /* Debug */ = {
			isa = XCBuildConfiguration;
			baseConfigurationReference = C96282F8D5359E6393A14A8C /* Pods-PinkBook.debug.xcconfig */;
			buildSettings = {
				ASSETCATALOG_COMPILER_APPICON_NAME = AppIcon;
				ASSETCATALOG_COMPILER_GLOBAL_ACCENT_COLOR_NAME = AccentColor;
				CODE_SIGN_ENTITLEMENTS = PinkBook/PinkBook.entitlements;
				CODE_SIGN_IDENTITY = "Apple Development";
				CODE_SIGN_STYLE = Automatic;
				CURRENT_PROJECT_VERSION = 1;
				DEVELOPMENT_TEAM = V32BKVPBTJ;
				EXCLUDED_ARCHS = "";
				GENERATE_INFOPLIST_FILE = YES;
				HEADER_SEARCH_PATHS = (
					"$(inherited)",
					"\"${PODS_CONFIGURATION_BUILD_DIR}/Alamofire/Alamofire.framework/Headers\"",
					"\"${PODS_CONFIGURATION_BUILD_DIR}/CHTCollectionViewWaterfallLayout/CHTCollectionViewWaterfallLayout.framework/Headers\"",
					"\"${PODS_CONFIGURATION_BUILD_DIR}/DateToolsSwift/DateToolsSwift.framework/Headers\"",
					"\"${PODS_CONFIGURATION_BUILD_DIR}/KMPlaceholderTextView/KMPlaceholderTextView.framework/Headers\"",
					"\"${PODS_CONFIGURATION_BUILD_DIR}/MBProgressHUD/MBProgressHUD.framework/Headers\"",
					"\"${PODS_CONFIGURATION_BUILD_DIR}/MJRefresh/MJRefresh.framework/Headers\"",
					"\"${PODS_CONFIGURATION_BUILD_DIR}/PryntTrimmerView/PryntTrimmerView.framework/Headers\"",
					"\"${PODS_CONFIGURATION_BUILD_DIR}/SKPhotoBrowser/SKPhotoBrowser.framework/Headers\"",
					"\"${PODS_CONFIGURATION_BUILD_DIR}/SteviaLayout/Stevia.framework/Headers\"",
					"\"${PODS_CONFIGURATION_BUILD_DIR}/XLPagerTabStrip/XLPagerTabStrip.framework/Headers\"",
					"\"${PODS_CONFIGURATION_BUILD_DIR}/YPImagePicker/YPImagePicker.framework/Headers\"",
					"\"${PODS_ROOT}/Headers/Public\"",
					"\"${PODS_ROOT}/Headers/Public/JVerification\"",
					"\"${PROJECT_DIR}/AliSDKDemo\"",
				);
				INFOPLIST_FILE = PinkBook/Info.plist;
				INFOPLIST_KEY_CFBundleDisplayName = PinkBook;
				INFOPLIST_KEY_NSCameraUsageDescription = "打开拍摄照片和视频";
				INFOPLIST_KEY_NSLocationWhenInUseUsageDescription = "打开获取周边信息";
				INFOPLIST_KEY_NSMicrophoneUsageDescription = "打开录制视频声音";
				INFOPLIST_KEY_NSPhotoLibraryAddUsageDescription = "打开可保存至相册";
				INFOPLIST_KEY_NSPhotoLibraryUsageDescription = "打开选择照片和视频";
				INFOPLIST_KEY_UIApplicationSupportsIndirectInputEvents = YES;
				INFOPLIST_KEY_UILaunchStoryboardName = LaunchScreen;
				INFOPLIST_KEY_UIMainStoryboardFile = Main;
				INFOPLIST_KEY_UISupportedInterfaceOrientations = UIInterfaceOrientationPortrait;
				INFOPLIST_KEY_UISupportedInterfaceOrientations_iPad = "UIInterfaceOrientationPortrait UIInterfaceOrientationPortraitUpsideDown UIInterfaceOrientationLandscapeLeft UIInterfaceOrientationLandscapeRight";
				INFOPLIST_KEY_UISupportedInterfaceOrientations_iPhone = "UIInterfaceOrientationPortrait UIInterfaceOrientationLandscapeLeft UIInterfaceOrientationLandscapeRight";
				IPHONEOS_DEPLOYMENT_TARGET = 14.0;
				LD_RUNPATH_SEARCH_PATHS = (
					"$(inherited)",
					"@executable_path/Frameworks",
				);
				LIBRARY_SEARCH_PATHS = (
					"$(inherited)",
					"$(PROJECT_DIR)/AliSDKDemo",
				);
				MARKETING_VERSION = 1.0;
				PRODUCT_BUNDLE_IDENTIFIER = com.hb.PinkBook;
				PRODUCT_NAME = "$(TARGET_NAME)";
				PROVISIONING_PROFILE_SPECIFIER = "";
				SWIFT_EMIT_LOC_STRINGS = YES;
				SWIFT_OBJC_BRIDGING_HEADER = "PinkBook/Bridging-Header.h";
				SWIFT_VERSION = 5.0;
				TARGETED_DEVICE_FAMILY = 1;
			};
			name = Debug;
		};
		D810670D2705F6D300AB7BC9 /* Release */ = {
			isa = XCBuildConfiguration;
			baseConfigurationReference = 342FED596840D058F3056B71 /* Pods-PinkBook.release.xcconfig */;
			buildSettings = {
				ASSETCATALOG_COMPILER_APPICON_NAME = AppIcon;
				ASSETCATALOG_COMPILER_GLOBAL_ACCENT_COLOR_NAME = AccentColor;
				CODE_SIGN_ENTITLEMENTS = PinkBook/PinkBook.entitlements;
				CODE_SIGN_IDENTITY = "Apple Development";
				CODE_SIGN_STYLE = Automatic;
				CURRENT_PROJECT_VERSION = 1;
				DEVELOPMENT_TEAM = V32BKVPBTJ;
				EXCLUDED_ARCHS = "";
				GENERATE_INFOPLIST_FILE = YES;
				HEADER_SEARCH_PATHS = (
					"$(inherited)",
					"\"${PODS_CONFIGURATION_BUILD_DIR}/Alamofire/Alamofire.framework/Headers\"",
					"\"${PODS_CONFIGURATION_BUILD_DIR}/CHTCollectionViewWaterfallLayout/CHTCollectionViewWaterfallLayout.framework/Headers\"",
					"\"${PODS_CONFIGURATION_BUILD_DIR}/DateToolsSwift/DateToolsSwift.framework/Headers\"",
					"\"${PODS_CONFIGURATION_BUILD_DIR}/KMPlaceholderTextView/KMPlaceholderTextView.framework/Headers\"",
					"\"${PODS_CONFIGURATION_BUILD_DIR}/MBProgressHUD/MBProgressHUD.framework/Headers\"",
					"\"${PODS_CONFIGURATION_BUILD_DIR}/MJRefresh/MJRefresh.framework/Headers\"",
					"\"${PODS_CONFIGURATION_BUILD_DIR}/PryntTrimmerView/PryntTrimmerView.framework/Headers\"",
					"\"${PODS_CONFIGURATION_BUILD_DIR}/SKPhotoBrowser/SKPhotoBrowser.framework/Headers\"",
					"\"${PODS_CONFIGURATION_BUILD_DIR}/SteviaLayout/Stevia.framework/Headers\"",
					"\"${PODS_CONFIGURATION_BUILD_DIR}/XLPagerTabStrip/XLPagerTabStrip.framework/Headers\"",
					"\"${PODS_CONFIGURATION_BUILD_DIR}/YPImagePicker/YPImagePicker.framework/Headers\"",
					"\"${PODS_ROOT}/Headers/Public\"",
					"\"${PODS_ROOT}/Headers/Public/JVerification\"",
					"\"${PROJECT_DIR}/AliSDKDemo\"",
				);
				INFOPLIST_FILE = PinkBook/Info.plist;
				INFOPLIST_KEY_CFBundleDisplayName = PinkBook;
				INFOPLIST_KEY_NSCameraUsageDescription = "打开拍摄照片和视频";
				INFOPLIST_KEY_NSLocationWhenInUseUsageDescription = "打开获取周边信息";
				INFOPLIST_KEY_NSMicrophoneUsageDescription = "打开录制视频声音";
				INFOPLIST_KEY_NSPhotoLibraryAddUsageDescription = "打开可保存至相册";
				INFOPLIST_KEY_NSPhotoLibraryUsageDescription = "打开选择照片和视频";
				INFOPLIST_KEY_UIApplicationSupportsIndirectInputEvents = YES;
				INFOPLIST_KEY_UILaunchStoryboardName = LaunchScreen;
				INFOPLIST_KEY_UIMainStoryboardFile = Main;
				INFOPLIST_KEY_UISupportedInterfaceOrientations = UIInterfaceOrientationPortrait;
				INFOPLIST_KEY_UISupportedInterfaceOrientations_iPad = "UIInterfaceOrientationPortrait UIInterfaceOrientationPortraitUpsideDown UIInterfaceOrientationLandscapeLeft UIInterfaceOrientationLandscapeRight";
				INFOPLIST_KEY_UISupportedInterfaceOrientations_iPhone = "UIInterfaceOrientationPortrait UIInterfaceOrientationLandscapeLeft UIInterfaceOrientationLandscapeRight";
				IPHONEOS_DEPLOYMENT_TARGET = 14.0;
				LD_RUNPATH_SEARCH_PATHS = (
					"$(inherited)",
					"@executable_path/Frameworks",
				);
				LIBRARY_SEARCH_PATHS = (
					"$(inherited)",
					"$(PROJECT_DIR)/AliSDKDemo",
				);
				MARKETING_VERSION = 1.0;
				PRODUCT_BUNDLE_IDENTIFIER = com.hb.PinkBook;
				PRODUCT_NAME = "$(TARGET_NAME)";
				PROVISIONING_PROFILE_SPECIFIER = "";
				SWIFT_EMIT_LOC_STRINGS = YES;
				SWIFT_OBJC_BRIDGING_HEADER = "PinkBook/Bridging-Header.h";
				SWIFT_VERSION = 5.0;
				TARGETED_DEVICE_FAMILY = 1;
			};
			name = Release;
		};
/* End XCBuildConfiguration section */

/* Begin XCConfigurationList section */
		D81066F22705F6D100AB7BC9 /* Build configuration list for PBXProject "PinkBook" */ = {
			isa = XCConfigurationList;
			buildConfigurations = (
				D81067092705F6D300AB7BC9 /* Debug */,
				D810670A2705F6D300AB7BC9 /* Release */,
			);
			defaultConfigurationIsVisible = 0;
			defaultConfigurationName = Release;
		};
		D810670B2705F6D300AB7BC9 /* Build configuration list for PBXNativeTarget "PinkBook" */ = {
			isa = XCConfigurationList;
			buildConfigurations = (
				D810670C2705F6D300AB7BC9 /* Debug */,
				D810670D2705F6D300AB7BC9 /* Release */,
			);
			defaultConfigurationIsVisible = 0;
			defaultConfigurationName = Release;
		};
/* End XCConfigurationList section */

/* Begin XCVersionGroup section */
		D84D15302716ADFE00956D30 /* PinkBook.xcdatamodeld */ = {
			isa = XCVersionGroup;
			children = (
				D84D15312716ADFE00956D30 /* PinkBook.xcdatamodel */,
			);
			currentVersion = D84D15312716ADFE00956D30 /* PinkBook.xcdatamodel */;
			path = PinkBook.xcdatamodeld;
			sourceTree = "<group>";
			versionGroupType = wrapper.xcdatamodel;
		};
/* End XCVersionGroup section */
	};
	rootObject = D81066EF2705F6D100AB7BC9 /* Project object */;
}
